
Microsoft Visual Studio Solution File, Format Version 12.00
# Visual Studio 2013
VisualStudioVersion = 12.0.21005.1
MinimumVisualStudioVersion = 10.0.40219.1
Project("{2150E333-8FDC-42A3-9474-1A3956D46DE8}") = "1.ManageProgramFlow", "1.ManageProgramFlow", "{60097882-B183-4150-B240-7CEBE95B3F46}"
EndProject
Project("{FAE04EC0-301F-11D3-BF4B-00C04F79EFBC}") = "1.1.ImplementMultithreadingAndAsynchronousProcessing", "1.1.ImplementMultithreadingAndAsynchronousProcessing\1.1.ImplementMultithreadingAndAsynchronousProcessing.csproj", "{8F0B5A79-295C-402B-9039-47DAF140E540}"
EndProject
Global
	GlobalSection(SolutionConfigurationPlatforms) = preSolution
		Debug|Any CPU = Debug|Any CPU
		Release|Any CPU = Release|Any CPU
	EndGlobalSection
	GlobalSection(ProjectConfigurationPlatforms) = postSolution
		{8F0B5A79-295C-402B-9039-47DAF140E540}.Debug|Any CPU.ActiveCfg = Debug|Any CPU
		{8F0B5A79-295C-402B-9039-47DAF140E540}.Debug|Any CPU.Build.0 = Debug|Any CPU
		{8F0B5A79-295C-402B-9039-47DAF140E540}.Release|Any CPU.ActiveCfg = Release|Any CPU
		{8F0B5A79-295C-402B-9039-47DAF140E540}.Release|Any CPU.Build.0 = Release|Any CPU
	EndGlobalSection
	GlobalSection(SolutionProperties) = preSolution
		HideSolutionNode = FALSE
	EndGlobalSection
	GlobalSection(NestedProjects) = preSolution
		{8F0B5A79-295C-402B-9039-47DAF140E540} = {60097882-B183-4150-B240-7CEBE95B3F46}
	EndGlobalSection
EndGlobal
